// !$*UTF8*$!
{
	archiveVersion = 1;
	classes = {
	};
	objectVersion = 46;
	objects = {

/* Begin PBXBuildFile section */
		3C0363791C55555300071090 /* RulesListViewController.m in Sources */ = {isa = PBXBuildFile; fileRef = 3C0363781C55555300071090 /* RulesListViewController.m */; };
		3C03637C1C55557C00071090 /* RuleTableViewCell.m in Sources */ = {isa = PBXBuildFile; fileRef = 3C03637B1C55557C00071090 /* RuleTableViewCell.m */; };
		3C03637F1C5568D500071090 /* RuleNumTableViewCell.m in Sources */ = {isa = PBXBuildFile; fileRef = 3C03637E1C5568D500071090 /* RuleNumTableViewCell.m */; };
		3C0363811C55768800071090 /* chevronup.png in Resources */ = {isa = PBXBuildFile; fileRef = 3C0363801C55768800071090 /* chevronup.png */; };
		3C0363831C55769100071090 /* chevrondown.png in Resources */ = {isa = PBXBuildFile; fileRef = 3C0363821C55769100071090 /* chevrondown.png */; };
		3C0363851C55775300071090 /* plus.png in Resources */ = {isa = PBXBuildFile; fileRef = 3C0363841C55775300071090 /* plus.png */; };
		3C0363871C55F3B800071090 /* click.m4a in Resources */ = {isa = PBXBuildFile; fileRef = 3C0363861C55F3B800071090 /* click.m4a */; };
		3C03638A1C560D7700071090 /* EditorViewController.m in Sources */ = {isa = PBXBuildFile; fileRef = 3C0363891C560D7700071090 /* EditorViewController.m */; };
		3C03638D1C560F1500071090 /* DropDownTableViewCell.m in Sources */ = {isa = PBXBuildFile; fileRef = 3C03638C1C560F1500071090 /* DropDownTableViewCell.m */; };
		3C0363901C5611F400071090 /* RulePopUpButton.m in Sources */ = {isa = PBXBuildFile; fileRef = 3C03638F1C5611F400071090 /* RulePopUpButton.m */; };
		3C0363931C56365200071090 /* chevrondownwithblackshadow.png in Resources */ = {isa = PBXBuildFile; fileRef = 3C0363911C56365200071090 /* chevrondownwithblackshadow.png */; };
		3C0363941C56365200071090 /* chevrondownwithwhiteshadow.png in Resources */ = {isa = PBXBuildFile; fileRef = 3C0363921C56365200071090 /* chevrondownwithwhiteshadow.png */; };
		3C03639A1C56605B00071090 /* ToggleTableViewCell.m in Sources */ = {isa = PBXBuildFile; fileRef = 3C0363991C56605B00071090 /* ToggleTableViewCell.m */; };
		3C0363A01C568DCC00071090 /* Rule.m in Sources */ = {isa = PBXBuildFile; fileRef = 3C03639F1C568DCC00071090 /* Rule.m */; };
		3C0363A31C56988500071090 /* RuleInput.m in Sources */ = {isa = PBXBuildFile; fileRef = 3C0363A21C56988500071090 /* RuleInput.m */; };
		3C0363A61C569C0B00071090 /* RuleCondition.m in Sources */ = {isa = PBXBuildFile; fileRef = 3C0363A51C569C0B00071090 /* RuleCondition.m */; };
		3C1CEDBB1C55068A000DE873 /* CreateAIViewController.m in Sources */ = {isa = PBXBuildFile; fileRef = 3C1CEDBA1C55068A000DE873 /* CreateAIViewController.m */; };
		3C35C7AC1C549BC900D2F1D6 /* AppDelegate.m in Sources */ = {isa = PBXBuildFile; fileRef = 3C35C7AB1C549BC900D2F1D6 /* AppDelegate.m */; };
		3C35C7AF1C549BC900D2F1D6 /* main.m in Sources */ = {isa = PBXBuildFile; fileRef = 3C35C7AE1C549BC900D2F1D6 /* main.m */; };
		3C35C7B21C549BC900D2F1D6 /* MainMenuViewController.m in Sources */ = {isa = PBXBuildFile; fileRef = 3C35C7B11C549BC900D2F1D6 /* MainMenuViewController.m */; };
		3C35C7B41C549BC900D2F1D6 /* Assets.xcassets in Resources */ = {isa = PBXBuildFile; fileRef = 3C35C7B31C549BC900D2F1D6 /* Assets.xcassets */; };
		3C35C7B71C549BC900D2F1D6 /* Main.storyboard in Resources */ = {isa = PBXBuildFile; fileRef = 3C35C7B51C549BC900D2F1D6 /* Main.storyboard */; };
		3C35C7C21C549BC900D2F1D6 /* FuzzyAIBuilderTests.m in Sources */ = {isa = PBXBuildFile; fileRef = 3C35C7C11C549BC900D2F1D6 /* FuzzyAIBuilderTests.m */; };
		3C35C7CD1C549BC900D2F1D6 /* FuzzyAIBuilderUITests.m in Sources */ = {isa = PBXBuildFile; fileRef = 3C35C7CC1C549BC900D2F1D6 /* FuzzyAIBuilderUITests.m */; };
		3C35C7DB1C549E0B00D2F1D6 /* background.png in Resources */ = {isa = PBXBuildFile; fileRef = 3C35C7DA1C549E0B00D2F1D6 /* background.png */; };
		3C35C7DD1C549F4C00D2F1D6 /* logo.png in Resources */ = {isa = PBXBuildFile; fileRef = 3C35C7DC1C549F4C00D2F1D6 /* logo.png */; };
		3C35C7DF1C54C6C900D2F1D6 /* logo2.png in Resources */ = {isa = PBXBuildFile; fileRef = 3C35C7DE1C54C6C900D2F1D6 /* logo2.png */; };
		3C35C7F21C54CE5900D2F1D6 /* arrow right.png in Resources */ = {isa = PBXBuildFile; fileRef = 3C35C7E01C54CE5900D2F1D6 /* arrow right.png */; };
		3C35C7F31C54CE5900D2F1D6 /* arrowleft.png in Resources */ = {isa = PBXBuildFile; fileRef = 3C35C7E11C54CE5900D2F1D6 /* arrowleft.png */; };
		3C35C7F41C54CE5900D2F1D6 /* chevronleft.png in Resources */ = {isa = PBXBuildFile; fileRef = 3C35C7E21C54CE5900D2F1D6 /* chevronleft.png */; };
		3C35C7F51C54CE5900D2F1D6 /* chevronright.png in Resources */ = {isa = PBXBuildFile; fileRef = 3C35C7E31C54CE5900D2F1D6 /* chevronright.png */; };
		3C35C7F61C54CE5900D2F1D6 /* circle.png in Resources */ = {isa = PBXBuildFile; fileRef = 3C35C7E41C54CE5900D2F1D6 /* circle.png */; };
		3C35C7F71C54CE5900D2F1D6 /* cross.png in Resources */ = {isa = PBXBuildFile; fileRef = 3C35C7E51C54CE5900D2F1D6 /* cross.png */; };
		3C35C7F81C54CE5900D2F1D6 /* oval1.png in Resources */ = {isa = PBXBuildFile; fileRef = 3C35C7E61C54CE5900D2F1D6 /* oval1.png */; };
		3C35C7F91C54CE5900D2F1D6 /* oval2.png in Resources */ = {isa = PBXBuildFile; fileRef = 3C35C7E71C54CE5900D2F1D6 /* oval2.png */; };
		3C35C7FA1C54CE5900D2F1D6 /* oval3.png in Resources */ = {isa = PBXBuildFile; fileRef = 3C35C7E81C54CE5900D2F1D6 /* oval3.png */; };
		3C35C7FB1C54CE5900D2F1D6 /* rectangle1.png in Resources */ = {isa = PBXBuildFile; fileRef = 3C35C7E91C54CE5900D2F1D6 /* rectangle1.png */; };
		3C35C7FC1C54CE5900D2F1D6 /* rectangle2.png in Resources */ = {isa = PBXBuildFile; fileRef = 3C35C7EA1C54CE5900D2F1D6 /* rectangle2.png */; };
		3C35C7FD1C54CE5900D2F1D6 /* rectangle3.png in Resources */ = {isa = PBXBuildFile; fileRef = 3C35C7EB1C54CE5900D2F1D6 /* rectangle3.png */; };
		3C35C7FE1C54CE5900D2F1D6 /* tick.png in Resources */ = {isa = PBXBuildFile; fileRef = 3C35C7EC1C54CE5900D2F1D6 /* tick.png */; };
		3C35C7FF1C54CE5900D2F1D6 /* triangleleft.png in Resources */ = {isa = PBXBuildFile; fileRef = 3C35C7ED1C54CE5900D2F1D6 /* triangleleft.png */; };
		3C35C8001C54CE5900D2F1D6 /* triangleright.png in Resources */ = {isa = PBXBuildFile; fileRef = 3C35C7EE1C54CE5900D2F1D6 /* triangleright.png */; };
		3C35C8011C54CE5900D2F1D6 /* wide1.png in Resources */ = {isa = PBXBuildFile; fileRef = 3C35C7EF1C54CE5900D2F1D6 /* wide1.png */; };
		3C35C8021C54CE5900D2F1D6 /* wide2.png in Resources */ = {isa = PBXBuildFile; fileRef = 3C35C7F01C54CE5900D2F1D6 /* wide2.png */; };
		3C35C8031C54CE5900D2F1D6 /* wide3.png in Resources */ = {isa = PBXBuildFile; fileRef = 3C35C7F11C54CE5900D2F1D6 /* wide3.png */; };
		3C60B27C1C54DFE50096E476 /* DK Prince Frog.otf in Resources */ = {isa = PBXBuildFile; fileRef = 3C60B2791C54DFE50096E476 /* DK Prince Frog.otf */; };
		3C60B27D1C54DFE50096E476 /* shablagoo.ttf in Resources */ = {isa = PBXBuildFile; fileRef = 3C60B27A1C54DFE50096E476 /* shablagoo.ttf */; };
		3C60B27E1C54DFE50096E476 /* theminion.otf in Resources */ = {isa = PBXBuildFile; fileRef = 3C60B27B1C54DFE50096E476 /* theminion.otf */; };
		3C7198FC1C5CC55300568263 /* SelectAIViewController.m in Sources */ = {isa = PBXBuildFile; fileRef = 3C7198FB1C5CC55300568263 /* SelectAIViewController.m */; };
		3C7199031C5D3B0D00568263 /* icon.png in Resources */ = {isa = PBXBuildFile; fileRef = 3C7199021C5D3B0D00568263 /* icon.png */; };
		3CB2CDFF1C5A5D3E00C08DED /* RuleOutput.m in Sources */ = {isa = PBXBuildFile; fileRef = 3CB2CDFE1C5A5D3E00C08DED /* RuleOutput.m */; };
		3CB2CE051C5A829000C08DED /* AIObject.m in Sources */ = {isa = PBXBuildFile; fileRef = 3CB2CE041C5A829000C08DED /* AIObject.m */; };
		3CB2CE081C5B5A2400C08DED /* AIDatabase.m in Sources */ = {isa = PBXBuildFile; fileRef = 3CB2CE071C5B5A2400C08DED /* AIDatabase.m */; };
/* End PBXBuildFile section */

/* Begin PBXContainerItemProxy section */
		3C35C7BE1C549BC900D2F1D6 /* PBXContainerItemProxy */ = {
			isa = PBXContainerItemProxy;
			containerPortal = 3C35C79F1C549BC900D2F1D6 /* Project object */;
			proxyType = 1;
			remoteGlobalIDString = 3C35C7A61C549BC900D2F1D6;
			remoteInfo = FuzzyAIBuilder;
		};
		3C35C7C91C549BC900D2F1D6 /* PBXContainerItemProxy */ = {
			isa = PBXContainerItemProxy;
			containerPortal = 3C35C79F1C549BC900D2F1D6 /* Project object */;
			proxyType = 1;
			remoteGlobalIDString = 3C35C7A61C549BC900D2F1D6;
			remoteInfo = FuzzyAIBuilder;
		};
/* End PBXContainerItemProxy section */

/* Begin PBXFileReference section */
		3C0363771C55555300071090 /* RulesListViewController.h */ = {isa = PBXFileReference; fileEncoding = 4; lastKnownFileType = sourcecode.c.h; path = RulesListViewController.h; sourceTree = "<group>"; };
		3C0363781C55555300071090 /* RulesListViewController.m */ = {isa = PBXFileReference; fileEncoding = 4; lastKnownFileType = sourcecode.c.objc; path = RulesListViewController.m; sourceTree = "<group>"; };
		3C03637A1C55557C00071090 /* RuleTableViewCell.h */ = {isa = PBXFileReference; fileEncoding = 4; lastKnownFileType = sourcecode.c.h; path = RuleTableViewCell.h; sourceTree = "<group>"; };
		3C03637B1C55557C00071090 /* RuleTableViewCell.m */ = {isa = PBXFileReference; fileEncoding = 4; lastKnownFileType = sourcecode.c.objc; path = RuleTableViewCell.m; sourceTree = "<group>"; };
		3C03637D1C5568D500071090 /* RuleNumTableViewCell.h */ = {isa = PBXFileReference; fileEncoding = 4; lastKnownFileType = sourcecode.c.h; path = RuleNumTableViewCell.h; sourceTree = "<group>"; };
		3C03637E1C5568D500071090 /* RuleNumTableViewCell.m */ = {isa = PBXFileReference; fileEncoding = 4; lastKnownFileType = sourcecode.c.objc; path = RuleNumTableViewCell.m; sourceTree = "<group>"; };
		3C0363801C55768800071090 /* chevronup.png */ = {isa = PBXFileReference; lastKnownFileType = image.png; path = chevronup.png; sourceTree = "<group>"; };
		3C0363821C55769100071090 /* chevrondown.png */ = {isa = PBXFileReference; lastKnownFileType = image.png; path = chevrondown.png; sourceTree = "<group>"; };
		3C0363841C55775300071090 /* plus.png */ = {isa = PBXFileReference; lastKnownFileType = image.png; path = plus.png; sourceTree = "<group>"; };
		3C0363861C55F3B800071090 /* click.m4a */ = {isa = PBXFileReference; lastKnownFileType = file; path = click.m4a; sourceTree = "<group>"; };
		3C0363881C560D7700071090 /* EditorViewController.h */ = {isa = PBXFileReference; fileEncoding = 4; lastKnownFileType = sourcecode.c.h; path = EditorViewController.h; sourceTree = "<group>"; };
		3C0363891C560D7700071090 /* EditorViewController.m */ = {isa = PBXFileReference; fileEncoding = 4; lastKnownFileType = sourcecode.c.objc; path = EditorViewController.m; sourceTree = "<group>"; };
		3C03638B1C560F1500071090 /* DropDownTableViewCell.h */ = {isa = PBXFileReference; fileEncoding = 4; lastKnownFileType = sourcecode.c.h; path = DropDownTableViewCell.h; sourceTree = "<group>"; };
		3C03638C1C560F1500071090 /* DropDownTableViewCell.m */ = {isa = PBXFileReference; fileEncoding = 4; lastKnownFileType = sourcecode.c.objc; path = DropDownTableViewCell.m; sourceTree = "<group>"; };
		3C03638E1C5611F400071090 /* RulePopUpButton.h */ = {isa = PBXFileReference; fileEncoding = 4; lastKnownFileType = sourcecode.c.h; path = RulePopUpButton.h; sourceTree = "<group>"; };
		3C03638F1C5611F400071090 /* RulePopUpButton.m */ = {isa = PBXFileReference; fileEncoding = 4; lastKnownFileType = sourcecode.c.objc; path = RulePopUpButton.m; sourceTree = "<group>"; };
		3C0363911C56365200071090 /* chevrondownwithblackshadow.png */ = {isa = PBXFileReference; lastKnownFileType = image.png; path = chevrondownwithblackshadow.png; sourceTree = "<group>"; };
		3C0363921C56365200071090 /* chevrondownwithwhiteshadow.png */ = {isa = PBXFileReference; lastKnownFileType = image.png; path = chevrondownwithwhiteshadow.png; sourceTree = "<group>"; };
		3C0363981C56605B00071090 /* ToggleTableViewCell.h */ = {isa = PBXFileReference; fileEncoding = 4; lastKnownFileType = sourcecode.c.h; path = ToggleTableViewCell.h; sourceTree = "<group>"; };
		3C0363991C56605B00071090 /* ToggleTableViewCell.m */ = {isa = PBXFileReference; fileEncoding = 4; lastKnownFileType = sourcecode.c.objc; path = ToggleTableViewCell.m; sourceTree = "<group>"; };
		3C03639E1C568DCC00071090 /* Rule.h */ = {isa = PBXFileReference; fileEncoding = 4; lastKnownFileType = sourcecode.c.h; path = Rule.h; sourceTree = "<group>"; };
		3C03639F1C568DCC00071090 /* Rule.m */ = {isa = PBXFileReference; fileEncoding = 4; lastKnownFileType = sourcecode.c.objc; path = Rule.m; sourceTree = "<group>"; };
		3C0363A11C56988500071090 /* RuleInput.h */ = {isa = PBXFileReference; fileEncoding = 4; lastKnownFileType = sourcecode.c.h; path = RuleInput.h; sourceTree = "<group>"; };
		3C0363A21C56988500071090 /* RuleInput.m */ = {isa = PBXFileReference; fileEncoding = 4; lastKnownFileType = sourcecode.c.objc; path = RuleInput.m; sourceTree = "<group>"; };
		3C0363A41C569C0B00071090 /* RuleCondition.h */ = {isa = PBXFileReference; fileEncoding = 4; lastKnownFileType = sourcecode.c.h; path = RuleCondition.h; sourceTree = "<group>"; };
		3C0363A51C569C0B00071090 /* RuleCondition.m */ = {isa = PBXFileReference; fileEncoding = 4; lastKnownFileType = sourcecode.c.objc; path = RuleCondition.m; sourceTree = "<group>"; };
		3C1CEDB91C55068A000DE873 /* CreateAIViewController.h */ = {isa = PBXFileReference; fileEncoding = 4; lastKnownFileType = sourcecode.c.h; path = CreateAIViewController.h; sourceTree = "<group>"; };
		3C1CEDBA1C55068A000DE873 /* CreateAIViewController.m */ = {isa = PBXFileReference; fileEncoding = 4; lastKnownFileType = sourcecode.c.objc; path = CreateAIViewController.m; sourceTree = "<group>"; };
		3C35C7A71C549BC900D2F1D6 /* FuzzyAIBuilder.app */ = {isa = PBXFileReference; explicitFileType = wrapper.application; includeInIndex = 0; path = FuzzyAIBuilder.app; sourceTree = BUILT_PRODUCTS_DIR; };
		3C35C7AA1C549BC900D2F1D6 /* AppDelegate.h */ = {isa = PBXFileReference; lastKnownFileType = sourcecode.c.h; path = AppDelegate.h; sourceTree = "<group>"; };
		3C35C7AB1C549BC900D2F1D6 /* AppDelegate.m */ = {isa = PBXFileReference; lastKnownFileType = sourcecode.c.objc; path = AppDelegate.m; sourceTree = "<group>"; };
		3C35C7AE1C549BC900D2F1D6 /* main.m */ = {isa = PBXFileReference; lastKnownFileType = sourcecode.c.objc; path = main.m; sourceTree = "<group>"; };
		3C35C7B01C549BC900D2F1D6 /* MainMenuViewController.h */ = {isa = PBXFileReference; lastKnownFileType = sourcecode.c.h; path = MainMenuViewController.h; sourceTree = "<group>"; };
		3C35C7B11C549BC900D2F1D6 /* MainMenuViewController.m */ = {isa = PBXFileReference; lastKnownFileType = sourcecode.c.objc; path = MainMenuViewController.m; sourceTree = "<group>"; };
		3C35C7B31C549BC900D2F1D6 /* Assets.xcassets */ = {isa = PBXFileReference; lastKnownFileType = folder.assetcatalog; path = Assets.xcassets; sourceTree = "<group>"; };
		3C35C7B61C549BC900D2F1D6 /* Base */ = {isa = PBXFileReference; lastKnownFileType = file.storyboard; name = Base; path = Base.lproj/Main.storyboard; sourceTree = "<group>"; };
		3C35C7B81C549BC900D2F1D6 /* Info.plist */ = {isa = PBXFileReference; lastKnownFileType = text.plist.xml; path = Info.plist; sourceTree = "<group>"; };
		3C35C7BD1C549BC900D2F1D6 /* FuzzyAIBuilderTests.xctest */ = {isa = PBXFileReference; explicitFileType = wrapper.cfbundle; includeInIndex = 0; path = FuzzyAIBuilderTests.xctest; sourceTree = BUILT_PRODUCTS_DIR; };
		3C35C7C11C549BC900D2F1D6 /* FuzzyAIBuilderTests.m */ = {isa = PBXFileReference; lastKnownFileType = sourcecode.c.objc; path = FuzzyAIBuilderTests.m; sourceTree = "<group>"; };
		3C35C7C31C549BC900D2F1D6 /* Info.plist */ = {isa = PBXFileReference; lastKnownFileType = text.plist.xml; path = Info.plist; sourceTree = "<group>"; };
		3C35C7C81C549BC900D2F1D6 /* FuzzyAIBuilderUITests.xctest */ = {isa = PBXFileReference; explicitFileType = wrapper.cfbundle; includeInIndex = 0; path = FuzzyAIBuilderUITests.xctest; sourceTree = BUILT_PRODUCTS_DIR; };
		3C35C7CC1C549BC900D2F1D6 /* FuzzyAIBuilderUITests.m */ = {isa = PBXFileReference; lastKnownFileType = sourcecode.c.objc; path = FuzzyAIBuilderUITests.m; sourceTree = "<group>"; };
		3C35C7CE1C549BC900D2F1D6 /* Info.plist */ = {isa = PBXFileReference; lastKnownFileType = text.plist.xml; path = Info.plist; sourceTree = "<group>"; };
		3C35C7DA1C549E0B00D2F1D6 /* background.png */ = {isa = PBXFileReference; lastKnownFileType = image.png; path = background.png; sourceTree = "<group>"; };
		3C35C7DC1C549F4C00D2F1D6 /* logo.png */ = {isa = PBXFileReference; lastKnownFileType = image.png; path = logo.png; sourceTree = "<group>"; };
		3C35C7DE1C54C6C900D2F1D6 /* logo2.png */ = {isa = PBXFileReference; lastKnownFileType = image.png; path = logo2.png; sourceTree = "<group>"; };
		3C35C7E01C54CE5900D2F1D6 /* arrow right.png */ = {isa = PBXFileReference; lastKnownFileType = image.png; path = "arrow right.png"; sourceTree = "<group>"; };
		3C35C7E11C54CE5900D2F1D6 /* arrowleft.png */ = {isa = PBXFileReference; lastKnownFileType = image.png; path = arrowleft.png; sourceTree = "<group>"; };
		3C35C7E21C54CE5900D2F1D6 /* chevronleft.png */ = {isa = PBXFileReference; lastKnownFileType = image.png; path = chevronleft.png; sourceTree = "<group>"; };
		3C35C7E31C54CE5900D2F1D6 /* chevronright.png */ = {isa = PBXFileReference; lastKnownFileType = image.png; path = chevronright.png; sourceTree = "<group>"; };
		3C35C7E41C54CE5900D2F1D6 /* circle.png */ = {isa = PBXFileReference; lastKnownFileType = image.png; path = circle.png; sourceTree = "<group>"; };
		3C35C7E51C54CE5900D2F1D6 /* cross.png */ = {isa = PBXFileReference; lastKnownFileType = image.png; path = cross.png; sourceTree = "<group>"; };
		3C35C7E61C54CE5900D2F1D6 /* oval1.png */ = {isa = PBXFileReference; lastKnownFileType = image.png; path = oval1.png; sourceTree = "<group>"; };
		3C35C7E71C54CE5900D2F1D6 /* oval2.png */ = {isa = PBXFileReference; lastKnownFileType = image.png; path = oval2.png; sourceTree = "<group>"; };
		3C35C7E81C54CE5900D2F1D6 /* oval3.png */ = {isa = PBXFileReference; lastKnownFileType = image.png; path = oval3.png; sourceTree = "<group>"; };
		3C35C7E91C54CE5900D2F1D6 /* rectangle1.png */ = {isa = PBXFileReference; lastKnownFileType = image.png; path = rectangle1.png; sourceTree = "<group>"; };
		3C35C7EA1C54CE5900D2F1D6 /* rectangle2.png */ = {isa = PBXFileReference; lastKnownFileType = image.png; path = rectangle2.png; sourceTree = "<group>"; };
		3C35C7EB1C54CE5900D2F1D6 /* rectangle3.png */ = {isa = PBXFileReference; lastKnownFileType = image.png; path = rectangle3.png; sourceTree = "<group>"; };
		3C35C7EC1C54CE5900D2F1D6 /* tick.png */ = {isa = PBXFileReference; lastKnownFileType = image.png; path = tick.png; sourceTree = "<group>"; };
		3C35C7ED1C54CE5900D2F1D6 /* triangleleft.png */ = {isa = PBXFileReference; lastKnownFileType = image.png; path = triangleleft.png; sourceTree = "<group>"; };
		3C35C7EE1C54CE5900D2F1D6 /* triangleright.png */ = {isa = PBXFileReference; lastKnownFileType = image.png; path = triangleright.png; sourceTree = "<group>"; };
		3C35C7EF1C54CE5900D2F1D6 /* wide1.png */ = {isa = PBXFileReference; lastKnownFileType = image.png; path = wide1.png; sourceTree = "<group>"; };
		3C35C7F01C54CE5900D2F1D6 /* wide2.png */ = {isa = PBXFileReference; lastKnownFileType = image.png; path = wide2.png; sourceTree = "<group>"; };
		3C35C7F11C54CE5900D2F1D6 /* wide3.png */ = {isa = PBXFileReference; lastKnownFileType = image.png; path = wide3.png; sourceTree = "<group>"; };
		3C60B2791C54DFE50096E476 /* DK Prince Frog.otf */ = {isa = PBXFileReference; lastKnownFileType = file; name = "DK Prince Frog.otf"; path = "fonts/DK Prince Frog.otf"; sourceTree = "<group>"; };
		3C60B27A1C54DFE50096E476 /* shablagoo.ttf */ = {isa = PBXFileReference; lastKnownFileType = file; name = shablagoo.ttf; path = fonts/shablagoo.ttf; sourceTree = "<group>"; };
		3C60B27B1C54DFE50096E476 /* theminion.otf */ = {isa = PBXFileReference; lastKnownFileType = file; name = theminion.otf; path = fonts/theminion.otf; sourceTree = "<group>"; };
		3C7198FA1C5CC55300568263 /* SelectAIViewController.h */ = {isa = PBXFileReference; fileEncoding = 4; lastKnownFileType = sourcecode.c.h; path = SelectAIViewController.h; sourceTree = "<group>"; };
		3C7198FB1C5CC55300568263 /* SelectAIViewController.m */ = {isa = PBXFileReference; fileEncoding = 4; lastKnownFileType = sourcecode.c.objc; path = SelectAIViewController.m; sourceTree = "<group>"; };
		3C7199021C5D3B0D00568263 /* icon.png */ = {isa = PBXFileReference; lastKnownFileType = image.png; path = icon.png; sourceTree = "<group>"; };
		3CB2CDFD1C5A5D3E00C08DED /* RuleOutput.h */ = {isa = PBXFileReference; fileEncoding = 4; lastKnownFileType = sourcecode.c.h; path = RuleOutput.h; sourceTree = "<group>"; };
		3CB2CDFE1C5A5D3E00C08DED /* RuleOutput.m */ = {isa = PBXFileReference; fileEncoding = 4; lastKnownFileType = sourcecode.c.objc; path = RuleOutput.m; sourceTree = "<group>"; };
		3CB2CE031C5A829000C08DED /* AIObject.h */ = {isa = PBXFileReference; fileEncoding = 4; lastKnownFileType = sourcecode.c.h; path = AIObject.h; sourceTree = "<group>"; };
		3CB2CE041C5A829000C08DED /* AIObject.m */ = {isa = PBXFileReference; fileEncoding = 4; lastKnownFileType = sourcecode.c.objc; path = AIObject.m; sourceTree = "<group>"; };
		3CB2CE061C5B5A2400C08DED /* AIDatabase.h */ = {isa = PBXFileReference; fileEncoding = 4; lastKnownFileType = sourcecode.c.h; path = AIDatabase.h; sourceTree = "<group>"; };
		3CB2CE071C5B5A2400C08DED /* AIDatabase.m */ = {isa = PBXFileReference; fileEncoding = 4; lastKnownFileType = sourcecode.c.objc; path = AIDatabase.m; sourceTree = "<group>"; };
/* End PBXFileReference section */

/* Begin PBXFrameworksBuildPhase section */
		3C35C7A41C549BC900D2F1D6 /* Frameworks */ = {
			isa = PBXFrameworksBuildPhase;
			buildActionMask = 2147483647;
			files = (
			);
			runOnlyForDeploymentPostprocessing = 0;
		};
		3C35C7BA1C549BC900D2F1D6 /* Frameworks */ = {
			isa = PBXFrameworksBuildPhase;
			buildActionMask = 2147483647;
			files = (
			);
			runOnlyForDeploymentPostprocessing = 0;
		};
		3C35C7C51C549BC900D2F1D6 /* Frameworks */ = {
			isa = PBXFrameworksBuildPhase;
			buildActionMask = 2147483647;
			files = (
			);
			runOnlyForDeploymentPostprocessing = 0;
		};
/* End PBXFrameworksBuildPhase section */

/* Begin PBXGroup section */
		3C35C79E1C549BC900D2F1D6 = {
			isa = PBXGroup;
			children = (
				3C35C7A91C549BC900D2F1D6 /* FuzzyAIBuilder */,
				3C35C7C01C549BC900D2F1D6 /* FuzzyAIBuilderTests */,
				3C35C7CB1C549BC900D2F1D6 /* FuzzyAIBuilderUITests */,
				3C35C7A81C549BC900D2F1D6 /* Products */,
			);
			sourceTree = "<group>";
		};
		3C35C7A81C549BC900D2F1D6 /* Products */ = {
			isa = PBXGroup;
			children = (
				3C35C7A71C549BC900D2F1D6 /* FuzzyAIBuilder.app */,
				3C35C7BD1C549BC900D2F1D6 /* FuzzyAIBuilderTests.xctest */,
				3C35C7C81C549BC900D2F1D6 /* FuzzyAIBuilderUITests.xctest */,
			);
			name = Products;
			sourceTree = "<group>";
		};
		3C35C7A91C549BC900D2F1D6 /* FuzzyAIBuilder */ = {
			isa = PBXGroup;
			children = (
				3C35C7AA1C549BC900D2F1D6 /* AppDelegate.h */,
				3C35C7AB1C549BC900D2F1D6 /* AppDelegate.m */,
				3C35C7B51C549BC900D2F1D6 /* Main.storyboard */,
				3C7199001C5CC5AC00568263 /* Objects */,
				3C7198FF1C5CC59600568263 /* TableViewCells */,
				3C7198FE1C5CC55E00568263 /* ViewControllers */,
				3C7199011C5CC5EC00568263 /* UI */,
				3C35C7AD1C549BC900D2F1D6 /* Supporting Files */,
			);
			path = FuzzyAIBuilder;
			sourceTree = "<group>";
		};
		3C35C7AD1C549BC900D2F1D6 /* Supporting Files */ = {
			isa = PBXGroup;
			children = (
				3C35C7AE1C549BC900D2F1D6 /* main.m */,
				3C0363861C55F3B800071090 /* click.m4a */,
				3C60B2791C54DFE50096E476 /* DK Prince Frog.otf */,
				3C60B27B1C54DFE50096E476 /* theminion.otf */,
				3C35C7B81C549BC900D2F1D6 /* Info.plist */,
				3C35C7E01C54CE5900D2F1D6 /* arrow right.png */,
				3C35C7E11C54CE5900D2F1D6 /* arrowleft.png */,
				3C35C7DA1C549E0B00D2F1D6 /* background.png */,
				3C0363821C55769100071090 /* chevrondown.png */,
				3C0363911C56365200071090 /* chevrondownwithblackshadow.png */,
				3C0363921C56365200071090 /* chevrondownwithwhiteshadow.png */,
				3C35C7E21C54CE5900D2F1D6 /* chevronleft.png */,
				3C35C7E31C54CE5900D2F1D6 /* chevronright.png */,
				3C0363801C55768800071090 /* chevronup.png */,
				3C35C7E41C54CE5900D2F1D6 /* circle.png */,
				3C7199021C5D3B0D00568263 /* icon.png */,
				3C35C7E51C54CE5900D2F1D6 /* cross.png */,
				3C35C7DC1C549F4C00D2F1D6 /* logo.png */,
				3C35C7DE1C54C6C900D2F1D6 /* logo2.png */,
				3C35C7E61C54CE5900D2F1D6 /* oval1.png */,
				3C35C7E71C54CE5900D2F1D6 /* oval2.png */,
				3C35C7E81C54CE5900D2F1D6 /* oval3.png */,
				3C0363841C55775300071090 /* plus.png */,
				3C35C7E91C54CE5900D2F1D6 /* rectangle1.png */,
				3C35C7EA1C54CE5900D2F1D6 /* rectangle2.png */,
				3C35C7EB1C54CE5900D2F1D6 /* rectangle3.png */,
				3C35C7EC1C54CE5900D2F1D6 /* tick.png */,
				3C35C7ED1C54CE5900D2F1D6 /* triangleleft.png */,
				3C35C7EE1C54CE5900D2F1D6 /* triangleright.png */,
				3C35C7EF1C54CE5900D2F1D6 /* wide1.png */,
				3C35C7F01C54CE5900D2F1D6 /* wide2.png */,
				3C35C7F11C54CE5900D2F1D6 /* wide3.png */,
				3C60B27A1C54DFE50096E476 /* shablagoo.ttf */,
				3C35C7B31C549BC900D2F1D6 /* Assets.xcassets */,
			);
			name = "Supporting Files";
			sourceTree = "<group>";
		};
		3C35C7C01C549BC900D2F1D6 /* FuzzyAIBuilderTests */ = {
			isa = PBXGroup;
			children = (
				3C35C7C11C549BC900D2F1D6 /* FuzzyAIBuilderTests.m */,
				3C35C7C31C549BC900D2F1D6 /* Info.plist */,
			);
			path = FuzzyAIBuilderTests;
			sourceTree = "<group>";
		};
		3C35C7CB1C549BC900D2F1D6 /* FuzzyAIBuilderUITests */ = {
			isa = PBXGroup;
			children = (
				3C35C7CC1C549BC900D2F1D6 /* FuzzyAIBuilderUITests.m */,
				3C35C7CE1C549BC900D2F1D6 /* Info.plist */,
			);
			path = FuzzyAIBuilderUITests;
			sourceTree = "<group>";
		};
		3C7198FE1C5CC55E00568263 /* ViewControllers */ = {
			isa = PBXGroup;
			children = (
				3C1CEDB91C55068A000DE873 /* CreateAIViewController.h */,
				3C1CEDBA1C55068A000DE873 /* CreateAIViewController.m */,
				3C0363881C560D7700071090 /* EditorViewController.h */,
				3C0363891C560D7700071090 /* EditorViewController.m */,
				3C35C7B01C549BC900D2F1D6 /* MainMenuViewController.h */,
				3C35C7B11C549BC900D2F1D6 /* MainMenuViewController.m */,
				3C0363771C55555300071090 /* RulesListViewController.h */,
				3C0363781C55555300071090 /* RulesListViewController.m */,
				3C7198FA1C5CC55300568263 /* SelectAIViewController.h */,
				3C7198FB1C5CC55300568263 /* SelectAIViewController.m */,
			);
			name = ViewControllers;
			sourceTree = "<group>";
		};
		3C7198FF1C5CC59600568263 /* TableViewCells */ = {
			isa = PBXGroup;
			children = (
				3C03638B1C560F1500071090 /* DropDownTableViewCell.h */,
				3C03638C1C560F1500071090 /* DropDownTableViewCell.m */,
				3C03637D1C5568D500071090 /* RuleNumTableViewCell.h */,
				3C03637E1C5568D500071090 /* RuleNumTableViewCell.m */,
				3C03637A1C55557C00071090 /* RuleTableViewCell.h */,
				3C03637B1C55557C00071090 /* RuleTableViewCell.m */,
				3C0363981C56605B00071090 /* ToggleTableViewCell.h */,
				3C0363991C56605B00071090 /* ToggleTableViewCell.m */,
			);
			name = TableViewCells;
			sourceTree = "<group>";
		};
		3C7199001C5CC5AC00568263 /* Objects */ = {
			isa = PBXGroup;
			children = (
				3CB2CE061C5B5A2400C08DED /* AIDatabase.h */,
				3CB2CE071C5B5A2400C08DED /* AIDatabase.m */,
				3CB2CE031C5A829000C08DED /* AIObject.h */,
				3CB2CE041C5A829000C08DED /* AIObject.m */,
				3C03639E1C568DCC00071090 /* Rule.h */,
				3C03639F1C568DCC00071090 /* Rule.m */,
				3C0363A41C569C0B00071090 /* RuleCondition.h */,
				3C0363A51C569C0B00071090 /* RuleCondition.m */,
				3C0363A11C56988500071090 /* RuleInput.h */,
				3C0363A21C56988500071090 /* RuleInput.m */,
				3CB2CDFD1C5A5D3E00C08DED /* RuleOutput.h */,
				3CB2CDFE1C5A5D3E00C08DED /* RuleOutput.m */,
			);
			name = Objects;
			sourceTree = "<group>";
		};
		3C7199011C5CC5EC00568263 /* UI */ = {
			isa = PBXGroup;
			children = (
				3C03638E1C5611F400071090 /* RulePopUpButton.h */,
				3C03638F1C5611F400071090 /* RulePopUpButton.m */,
			);
			name = UI;
			sourceTree = "<group>";
		};
/* End PBXGroup section */

/* Begin PBXNativeTarget section */
		3C35C7A61C549BC900D2F1D6 /* FuzzyAIBuilder */ = {
			isa = PBXNativeTarget;
			buildConfigurationList = 3C35C7D11C549BC900D2F1D6 /* Build configuration list for PBXNativeTarget "FuzzyAIBuilder" */;
			buildPhases = (
				3C35C7A31C549BC900D2F1D6 /* Sources */,
				3C35C7A41C549BC900D2F1D6 /* Frameworks */,
				3C35C7A51C549BC900D2F1D6 /* Resources */,
			);
			buildRules = (
			);
			dependencies = (
			);
			name = FuzzyAIBuilder;
			productName = FuzzyAIBuilder;
			productReference = 3C35C7A71C549BC900D2F1D6 /* FuzzyAIBuilder.app */;
			productType = "com.apple.product-type.application";
		};
		3C35C7BC1C549BC900D2F1D6 /* FuzzyAIBuilderTests */ = {
			isa = PBXNativeTarget;
			buildConfigurationList = 3C35C7D41C549BC900D2F1D6 /* Build configuration list for PBXNativeTarget "FuzzyAIBuilderTests" */;
			buildPhases = (
				3C35C7B91C549BC900D2F1D6 /* Sources */,
				3C35C7BA1C549BC900D2F1D6 /* Frameworks */,
				3C35C7BB1C549BC900D2F1D6 /* Resources */,
			);
			buildRules = (
			);
			dependencies = (
				3C35C7BF1C549BC900D2F1D6 /* PBXTargetDependency */,
			);
			name = FuzzyAIBuilderTests;
			productName = FuzzyAIBuilderTests;
			productReference = 3C35C7BD1C549BC900D2F1D6 /* FuzzyAIBuilderTests.xctest */;
			productType = "com.apple.product-type.bundle.unit-test";
		};
		3C35C7C71C549BC900D2F1D6 /* FuzzyAIBuilderUITests */ = {
			isa = PBXNativeTarget;
			buildConfigurationList = 3C35C7D71C549BC900D2F1D6 /* Build configuration list for PBXNativeTarget "FuzzyAIBuilderUITests" */;
			buildPhases = (
				3C35C7C41C549BC900D2F1D6 /* Sources */,
				3C35C7C51C549BC900D2F1D6 /* Frameworks */,
				3C35C7C61C549BC900D2F1D6 /* Resources */,
			);
			buildRules = (
			);
			dependencies = (
				3C35C7CA1C549BC900D2F1D6 /* PBXTargetDependency */,
			);
			name = FuzzyAIBuilderUITests;
			productName = FuzzyAIBuilderUITests;
			productReference = 3C35C7C81C549BC900D2F1D6 /* FuzzyAIBuilderUITests.xctest */;
			productType = "com.apple.product-type.bundle.ui-testing";
		};
/* End PBXNativeTarget section */

/* Begin PBXProject section */
		3C35C79F1C549BC900D2F1D6 /* Project object */ = {
			isa = PBXProject;
			attributes = {
				LastUpgradeCheck = 0720;
				ORGANIZATIONNAME = "Ian Chen";
				TargetAttributes = {
					3C35C7A61C549BC900D2F1D6 = {
						CreatedOnToolsVersion = 7.2;
					};
					3C35C7BC1C549BC900D2F1D6 = {
						CreatedOnToolsVersion = 7.2;
						TestTargetID = 3C35C7A61C549BC900D2F1D6;
					};
					3C35C7C71C549BC900D2F1D6 = {
						CreatedOnToolsVersion = 7.2;
						TestTargetID = 3C35C7A61C549BC900D2F1D6;
					};
				};
			};
			buildConfigurationList = 3C35C7A21C549BC900D2F1D6 /* Build configuration list for PBXProject "FuzzyAIBuilder" */;
			compatibilityVersion = "Xcode 3.2";
			developmentRegion = English;
			hasScannedForEncodings = 0;
			knownRegions = (
				en,
				Base,
			);
			mainGroup = 3C35C79E1C549BC900D2F1D6;
			productRefGroup = 3C35C7A81C549BC900D2F1D6 /* Products */;
			projectDirPath = "";
			projectRoot = "";
			targets = (
				3C35C7A61C549BC900D2F1D6 /* FuzzyAIBuilder */,
				3C35C7BC1C549BC900D2F1D6 /* FuzzyAIBuilderTests */,
				3C35C7C71C549BC900D2F1D6 /* FuzzyAIBuilderUITests */,
			);
		};
/* End PBXProject section */

/* Begin PBXResourcesBuildPhase section */
		3C35C7A51C549BC900D2F1D6 /* Resources */ = {
			isa = PBXResourcesBuildPhase;
			buildActionMask = 2147483647;
			files = (
				3C35C7FF1C54CE5900D2F1D6 /* triangleleft.png in Resources */,
				3C0363941C56365200071090 /* chevrondownwithwhiteshadow.png in Resources */,
				3C35C7DD1C549F4C00D2F1D6 /* logo.png in Resources */,
				3C35C8031C54CE5900D2F1D6 /* wide3.png in Resources */,
				3C60B27E1C54DFE50096E476 /* theminion.otf in Resources */,
				3C35C7F91C54CE5900D2F1D6 /* oval2.png in Resources */,
				3C35C7FE1C54CE5900D2F1D6 /* tick.png in Resources */,
				3C35C8011C54CE5900D2F1D6 /* wide1.png in Resources */,
				3C35C7FD1C54CE5900D2F1D6 /* rectangle3.png in Resources */,
				3C35C7DF1C54C6C900D2F1D6 /* logo2.png in Resources */,
				3C0363871C55F3B800071090 /* click.m4a in Resources */,
				3C35C7F41C54CE5900D2F1D6 /* chevronleft.png in Resources */,
				3C35C7B41C549BC900D2F1D6 /* Assets.xcassets in Resources */,
				3C0363851C55775300071090 /* plus.png in Resources */,
				3C35C7F51C54CE5900D2F1D6 /* chevronright.png in Resources */,
				3C0363811C55768800071090 /* chevronup.png in Resources */,
				3C60B27D1C54DFE50096E476 /* shablagoo.ttf in Resources */,
				3C7199031C5D3B0D00568263 /* icon.png in Resources */,
				3C35C7FB1C54CE5900D2F1D6 /* rectangle1.png in Resources */,
				3C0363831C55769100071090 /* chevrondown.png in Resources */,
				3C35C7DB1C549E0B00D2F1D6 /* background.png in Resources */,
				3C35C7FC1C54CE5900D2F1D6 /* rectangle2.png in Resources */,
				3C35C8021C54CE5900D2F1D6 /* wide2.png in Resources */,
				3C35C7FA1C54CE5900D2F1D6 /* oval3.png in Resources */,
				3C35C7F31C54CE5900D2F1D6 /* arrowleft.png in Resources */,
				3C35C7F81C54CE5900D2F1D6 /* oval1.png in Resources */,
				3C0363931C56365200071090 /* chevrondownwithblackshadow.png in Resources */,
				3C35C7F61C54CE5900D2F1D6 /* circle.png in Resources */,
				3C35C8001C54CE5900D2F1D6 /* triangleright.png in Resources */,
				3C35C7B71C549BC900D2F1D6 /* Main.storyboard in Resources */,
				3C35C7F71C54CE5900D2F1D6 /* cross.png in Resources */,
				3C35C7F21C54CE5900D2F1D6 /* arrow right.png in Resources */,
				3C60B27C1C54DFE50096E476 /* DK Prince Frog.otf in Resources */,
			);
			runOnlyForDeploymentPostprocessing = 0;
		};
		3C35C7BB1C549BC900D2F1D6 /* Resources */ = {
			isa = PBXResourcesBuildPhase;
			buildActionMask = 2147483647;
			files = (
			);
			runOnlyForDeploymentPostprocessing = 0;
		};
		3C35C7C61C549BC900D2F1D6 /* Resources */ = {
			isa = PBXResourcesBuildPhase;
			buildActionMask = 2147483647;
			files = (
			);
			runOnlyForDeploymentPostprocessing = 0;
		};
/* End PBXResourcesBuildPhase section */

/* Begin PBXSourcesBuildPhase section */
		3C35C7A31C549BC900D2F1D6 /* Sources */ = {
			isa = PBXSourcesBuildPhase;
			buildActionMask = 2147483647;
			files = (
				3C0363A31C56988500071090 /* RuleInput.m in Sources */,
				3C1CEDBB1C55068A000DE873 /* CreateAIViewController.m in Sources */,
				3C03637C1C55557C00071090 /* RuleTableViewCell.m in Sources */,
				3C0363791C55555300071090 /* RulesListViewController.m in Sources */,
				3C35C7B21C549BC900D2F1D6 /* MainMenuViewController.m in Sources */,
				3CB2CDFF1C5A5D3E00C08DED /* RuleOutput.m in Sources */,
				3C7198FC1C5CC55300568263 /* SelectAIViewController.m in Sources */,
				3CB2CE051C5A829000C08DED /* AIObject.m in Sources */,
				3C03637F1C5568D500071090 /* RuleNumTableViewCell.m in Sources */,
				3C0363A01C568DCC00071090 /* Rule.m in Sources */,
				3C03639A1C56605B00071090 /* ToggleTableViewCell.m in Sources */,
				3C35C7AF1C549BC900D2F1D6 /* main.m in Sources */,
				3C0363A61C569C0B00071090 /* RuleCondition.m in Sources */,
				3CB2CE081C5B5A2400C08DED /* AIDatabase.m in Sources */,
				3C35C7AC1C549BC900D2F1D6 /* AppDelegate.m in Sources */,
				3C03638A1C560D7700071090 /* EditorViewController.m in Sources */,
				3C0363901C5611F400071090 /* RulePopUpButton.m in Sources */,
				3C03638D1C560F1500071090 /* DropDownTableViewCell.m in Sources */,
			);
			runOnlyForDeploymentPostprocessing = 0;
		};
		3C35C7B91C549BC900D2F1D6 /* Sources */ = {
			isa = PBXSourcesBuildPhase;
			buildActionMask = 2147483647;
			files = (
				3C35C7C21C549BC900D2F1D6 /* FuzzyAIBuilderTests.m in Sources */,
			);
			runOnlyForDeploymentPostprocessing = 0;
		};
		3C35C7C41C549BC900D2F1D6 /* Sources */ = {
			isa = PBXSourcesBuildPhase;
			buildActionMask = 2147483647;
			files = (
				3C35C7CD1C549BC900D2F1D6 /* FuzzyAIBuilderUITests.m in Sources */,
			);
			runOnlyForDeploymentPostprocessing = 0;
		};
/* End PBXSourcesBuildPhase section */

/* Begin PBXTargetDependency section */
		3C35C7BF1C549BC900D2F1D6 /* PBXTargetDependency */ = {
			isa = PBXTargetDependency;
			target = 3C35C7A61C549BC900D2F1D6 /* FuzzyAIBuilder */;
			targetProxy = 3C35C7BE1C549BC900D2F1D6 /* PBXContainerItemProxy */;
		};
		3C35C7CA1C549BC900D2F1D6 /* PBXTargetDependency */ = {
			isa = PBXTargetDependency;
			target = 3C35C7A61C549BC900D2F1D6 /* FuzzyAIBuilder */;
			targetProxy = 3C35C7C91C549BC900D2F1D6 /* PBXContainerItemProxy */;
		};
/* End PBXTargetDependency section */

/* Begin PBXVariantGroup section */
		3C35C7B51C549BC900D2F1D6 /* Main.storyboard */ = {
			isa = PBXVariantGroup;
			children = (
				3C35C7B61C549BC900D2F1D6 /* Base */,
			);
			name = Main.storyboard;
			sourceTree = "<group>";
		};
/* End PBXVariantGroup section */

/* Begin XCBuildConfiguration section */
		3C35C7CF1C549BC900D2F1D6 /* Debug */ = {
			isa = XCBuildConfiguration;
			buildSettings = {
				ALWAYS_SEARCH_USER_PATHS = NO;
				CLANG_CXX_LANGUAGE_STANDARD = "gnu++0x";
				CLANG_CXX_LIBRARY = "libc++";
				CLANG_ENABLE_MODULES = YES;
				CLANG_ENABLE_OBJC_ARC = YES;
				CLANG_WARN_BOOL_CONVERSION = YES;
				CLANG_WARN_CONSTANT_CONVERSION = YES;
				CLANG_WARN_DIRECT_OBJC_ISA_USAGE = YES_ERROR;
				CLANG_WARN_EMPTY_BODY = YES;
				CLANG_WARN_ENUM_CONVERSION = YES;
				CLANG_WARN_INT_CONVERSION = YES;
				CLANG_WARN_OBJC_ROOT_CLASS = YES_ERROR;
				CLANG_WARN_UNREACHABLE_CODE = YES;
				CLANG_WARN__DUPLICATE_METHOD_MATCH = YES;
				CODE_SIGN_IDENTITY = "-";
				COPY_PHASE_STRIP = NO;
				DEBUG_INFORMATION_FORMAT = dwarf;
				ENABLE_STRICT_OBJC_MSGSEND = YES;
				ENABLE_TESTABILITY = YES;
				GCC_C_LANGUAGE_STANDARD = gnu99;
				GCC_DYNAMIC_NO_PIC = NO;
				GCC_NO_COMMON_BLOCKS = YES;
				GCC_OPTIMIZATION_LEVEL = 0;
				GCC_PREPROCESSOR_DEFINITIONS = (
					"DEBUG=1",
					"$(inherited)",
				);
				GCC_WARN_64_TO_32_BIT_CONVERSION = YES;
				GCC_WARN_ABOUT_RETURN_TYPE = YES_ERROR;
				GCC_WARN_UNDECLARED_SELECTOR = YES;
				GCC_WARN_UNINITIALIZED_AUTOS = YES_AGGRESSIVE;
				GCC_WARN_UNUSED_FUNCTION = YES;
				GCC_WARN_UNUSED_VARIABLE = YES;
				MACOSX_DEPLOYMENT_TARGET = 10.11;
				MTL_ENABLE_DEBUG_INFO = YES;
				ONLY_ACTIVE_ARCH = YES;
				SDKROOT = macosx;
			};
			name = Debug;
		};
		3C35C7D01C549BC900D2F1D6 /* Release */ = {
			isa = XCBuildConfiguration;
			buildSettings = {
				ALWAYS_SEARCH_USER_PATHS = NO;
				CLANG_CXX_LANGUAGE_STANDARD = "gnu++0x";
				CLANG_CXX_LIBRARY = "libc++";
				CLANG_ENABLE_MODULES = YES;
				CLANG_ENABLE_OBJC_ARC = YES;
				CLANG_WARN_BOOL_CONVERSION = YES;
				CLANG_WARN_CONSTANT_CONVERSION = YES;
				CLANG_WARN_DIRECT_OBJC_ISA_USAGE = YES_ERROR;
				CLANG_WARN_EMPTY_BODY = YES;
				CLANG_WARN_ENUM_CONVERSION = YES;
				CLANG_WARN_INT_CONVERSION = YES;
				CLANG_WARN_OBJC_ROOT_CLASS = YES_ERROR;
				CLANG_WARN_UNREACHABLE_CODE = YES;
				CLANG_WARN__DUPLICATE_METHOD_MATCH = YES;
				CODE_SIGN_IDENTITY = "-";
				COPY_PHASE_STRIP = NO;
				DEBUG_INFORMATION_FORMAT = "dwarf-with-dsym";
				ENABLE_NS_ASSERTIONS = NO;
				ENABLE_STRICT_OBJC_MSGSEND = YES;
				GCC_C_LANGUAGE_STANDARD = gnu99;
				GCC_NO_COMMON_BLOCKS = YES;
				GCC_WARN_64_TO_32_BIT_CONVERSION = YES;
				GCC_WARN_ABOUT_RETURN_TYPE = YES_ERROR;
				GCC_WARN_UNDECLARED_SELECTOR = YES;
				GCC_WARN_UNINITIALIZED_AUTOS = YES_AGGRESSIVE;
				GCC_WARN_UNUSED_FUNCTION = YES;
				GCC_WARN_UNUSED_VARIABLE = YES;
				MACOSX_DEPLOYMENT_TARGET = 10.11;
				MTL_ENABLE_DEBUG_INFO = NO;
				SDKROOT = macosx;
			};
			name = Release;
		};
		3C35C7D21C549BC900D2F1D6 /* Debug */ = {
			isa = XCBuildConfiguration;
			buildSettings = {
				ASSETCATALOG_COMPILER_APPICON_NAME = AppIcon;
				COMBINE_HIDPI_IMAGES = YES;
				GCC_PREPROCESSOR_DEFINITIONS = (
					"DEBUG=1",
					"PROJECT_DIR=@\\\"\"$PROJECT_DIR\"\\\"\n",
					"BUILD_ROOT=@\\\"\"$(BUILD_ROOT)\"\\\"\n",
				);
				INFOPLIST_FILE = FuzzyAIBuilder/Info.plist;
				LD_RUNPATH_SEARCH_PATHS = "$(inherited) @executable_path/../Frameworks";
				PRODUCT_BUNDLE_IDENTIFIER = ian.FuzzyAIBuilder;
				PRODUCT_NAME = "$(TARGET_NAME)";
			};
			name = Debug;
		};
		3C35C7D31C549BC900D2F1D6 /* Release */ = {
			isa = XCBuildConfiguration;
			buildSettings = {
				ASSETCATALOG_COMPILER_APPICON_NAME = AppIcon;
				COMBINE_HIDPI_IMAGES = YES;
				GCC_PREPROCESSOR_DEFINITIONS = (
					"BUILD_ROOT=@\\\"\"$(BUILD_ROOT)\"\\\"",
					"PROJECT_DIR=@\\\"\"$PROJECT_DIR\"\\\"\n",
				);
				INFOPLIST_FILE = FuzzyAIBuilder/Info.plist;
				LD_RUNPATH_SEARCH_PATHS = "$(inherited) @executable_path/../Frameworks";
				PRODUCT_BUNDLE_IDENTIFIER = ian.FuzzyAIBuilder;
				PRODUCT_NAME = "$(TARGET_NAME)";
			};
			name = Release;
		};
		3C35C7D51C549BC900D2F1D6 /* Debug */ = {
			isa = XCBuildConfiguration;
			buildSettings = {
				BUNDLE_LOADER = "$(TEST_HOST)";
				COMBINE_HIDPI_IMAGES = YES;
				INFOPLIST_FILE = FuzzyAIBuilderTests/Info.plist;
				LD_RUNPATH_SEARCH_PATHS = "$(inherited) @executable_path/../Frameworks @loader_path/../Frameworks";
				PRODUCT_BUNDLE_IDENTIFIER = ian.FuzzyAIBuilderTests;
				PRODUCT_NAME = "$(TARGET_NAME)";
				TEST_HOST = "$(BUILT_PRODUCTS_DIR)/FuzzyAIBuilder.app/Contents/MacOS/FuzzyAIBuilder";
			};
			name = Debug;
		};
		3C35C7D61C549BC900D2F1D6 /* Release */ = {
			isa = XCBuildConfiguration;
			buildSettings = {
				BUNDLE_LOADER = "$(TEST_HOST)";
				COMBINE_HIDPI_IMAGES = YES;
				INFOPLIST_FILE = FuzzyAIBuilderTests/Info.plist;
				LD_RUNPATH_SEARCH_PATHS = "$(inherited) @executable_path/../Frameworks @loader_path/../Frameworks";
				PRODUCT_BUNDLE_IDENTIFIER = ian.FuzzyAIBuilderTests;
				PRODUCT_NAME = "$(TARGET_NAME)";
				TEST_HOST = "$(BUILT_PRODUCTS_DIR)/FuzzyAIBuilder.app/Contents/MacOS/FuzzyAIBuilder";
			};
			name = Release;
		};
		3C35C7D81C549BC900D2F1D6 /* Debug */ = {
			isa = XCBuildConfiguration;
			buildSettings = {
				COMBINE_HIDPI_IMAGES = YES;
				INFOPLIST_FILE = FuzzyAIBuilderUITests/Info.plist;
				LD_RUNPATH_SEARCH_PATHS = "$(inherited) @executable_path/../Frameworks @loader_path/../Frameworks";
				PRODUCT_BUNDLE_IDENTIFIER = ian.FuzzyAIBuilderUITests;
				PRODUCT_NAME = "$(TARGET_NAME)";
				TEST_TARGET_NAME = FuzzyAIBuilder;
				USES_XCTRUNNER = YES;
			};
			name = Debug;
		};
		3C35C7D91C549BC900D2F1D6 /* Release */ = {
			isa = XCBuildConfiguration;
			buildSettings = {
				COMBINE_HIDPI_IMAGES = YES;
				INFOPLIST_FILE = FuzzyAIBuilderUITests/Info.plist;
				LD_RUNPATH_SEARCH_PATHS = "$(inherited) @executable_path/../Frameworks @loader_path/../Frameworks";
				PRODUCT_BUNDLE_IDENTIFIER = ian.FuzzyAIBuilderUITests;
				PRODUCT_NAME = "$(TARGET_NAME)";
				TEST_TARGET_NAME = FuzzyAIBuilder;
				USES_XCTRUNNER = YES;
			};
			name = Release;
		};
/* End XCBuildConfiguration section */

/* Begin XCConfigurationList section */
		3C35C7A21C549BC900D2F1D6 /* Build configuration list for PBXProject "FuzzyAIBuilder" */ = {
			isa = XCConfigurationList;
			buildConfigurations = (
				3C35C7CF1C549BC900D2F1D6 /* Debug */,
				3C35C7D01C549BC900D2F1D6 /* Release */,
			);
			defaultConfigurationIsVisible = 0;
			defaultConfigurationName = Release;
		};
		3C35C7D11C549BC900D2F1D6 /* Build configuration list for PBXNativeTarget "FuzzyAIBuilder" */ = {
			isa = XCConfigurationList;
			buildConfigurations = (
				3C35C7D21C549BC900D2F1D6 /* Debug */,
				3C35C7D31C549BC900D2F1D6 /* Release */,
			);
			defaultConfigurationIsVisible = 0;
			defaultConfigurationName = Release;
		};
		3C35C7D41C549BC900D2F1D6 /* Build configuration list for PBXNativeTarget "FuzzyAIBuilderTests" */ = {
			isa = XCConfigurationList;
			buildConfigurations = (
				3C35C7D51C549BC900D2F1D6 /* Debug */,
				3C35C7D61C549BC900D2F1D6 /* Release */,
			);
			defaultConfigurationIsVisible = 0;
			defaultConfigurationName = Release;
		};
		3C35C7D71C549BC900D2F1D6 /* Build configuration list for PBXNativeTarget "FuzzyAIBuilderUITests" */ = {
			isa = XCConfigurationList;
			buildConfigurations = (
				3C35C7D81C549BC900D2F1D6 /* Debug */,
				3C35C7D91C549BC900D2F1D6 /* Release */,
			);
			defaultConfigurationIsVisible = 0;
			defaultConfigurationName = Release;
		};
/* End XCConfigurationList section */
	};
	rootObject = 3C35C79F1C549BC900D2F1D6 /* Project object */;
}
